# THIS IS AN AUTOGENERATED FILE. DO NOT EDIT THIS FILE DIRECTLY.
# yarn lockfile v1


"@vue/devtools-api@^6.0.0-beta.14":
  version "6.0.0-beta.14"
  resolved "https://registry.yarnpkg.com/@vue/devtools-api/-/devtools-api-6.0.0-beta.14.tgz#6ed2d6f8d66a9256c9ad04bfff08309ba87b9723"
  integrity sha512-44fPrrN1cqcs6bFkT0C+yxTM6PZXLbR+ESh1U1j8UD22yO04gXvxH62HApMjLbS3WqJO/iCNC+CYT+evPQh2EQ==

vue-router@4:
  version "4.0.10"
  resolved "https://registry.yarnpkg.com/vue-router/-/vue-router-4.0.10.tgz#ec8fda032949b2a31d3273170f8f376e86eb52ac"
  integrity sha512-YbPf6QnZpyyWfnk7CUt2Bme+vo7TLfg1nGZNkvYqKYh4vLaFw6Gn8bPGdmt5m4qrGnKoXLqc4htAsd3dIukICA==
  dependencies:
    "@vue/devtools-api" "^6.0.0-beta.14"
